// !$*UTF8*$!
{
	archiveVersion = 1;
	classes = {
	};
	objectVersion = 46;
	objects = {

/* Begin PBXBuildFile section */
		5DEBF8831BBDA89300C7D340 /* AppDelegate.swift in Sources */ = {isa = PBXBuildFile; fileRef = 5DEBF8821BBDA89300C7D340 /* AppDelegate.swift */; };
		5DEBF8851BBDA89300C7D340 /* ViewController.swift in Sources */ = {isa = PBXBuildFile; fileRef = 5DEBF8841BBDA89300C7D340 /* ViewController.swift */; };
		5DEBF8881BBDA89300C7D340 /* Main.storyboard in Resources */ = {isa = PBXBuildFile; fileRef = 5DEBF8861BBDA89300C7D340 /* Main.storyboard */; };
		5DEBF88A1BBDA89300C7D340 /* Assets.xcassets in Resources */ = {isa = PBXBuildFile; fileRef = 5DEBF8891BBDA89300C7D340 /* Assets.xcassets */; };
		5DEBF88D1BBDA89300C7D340 /* LaunchScreen.storyboard in Resources */ = {isa = PBXBuildFile; fileRef = 5DEBF88B1BBDA89300C7D340 /* LaunchScreen.storyboard */; };
		5DEBF8981BBDA89300C7D340 /* FanagramTests.swift in Sources */ = {isa = PBXBuildFile; fileRef = 5DEBF8971BBDA89300C7D340 /* FanagramTests.swift */; };
		5DEBF8A31BBDA89300C7D340 /* FanagramUITests.swift in Sources */ = {isa = PBXBuildFile; fileRef = 5DEBF8A21BBDA89300C7D340 /* FanagramUITests.swift */; };
/* End PBXBuildFile section */

/* Begin PBXContainerItemProxy section */
		5DEBF8941BBDA89300C7D340 /* PBXContainerItemProxy */ = {
			isa = PBXContainerItemProxy;
			containerPortal = 5DEBF8771BBDA89300C7D340 /* Project object */;
			proxyType = 1;
			remoteGlobalIDString = 5DEBF87E1BBDA89300C7D340;
			remoteInfo = Fanagram;
		};
		5DEBF89F1BBDA89300C7D340 /* PBXContainerItemProxy */ = {
			isa = PBXContainerItemProxy;
			containerPortal = 5DEBF8771BBDA89300C7D340 /* Project object */;
			proxyType = 1;
			remoteGlobalIDString = 5DEBF87E1BBDA89300C7D340;
			remoteInfo = Fanagram;
		};
/* End PBXContainerItemProxy section */

/* Begin PBXFileReference section */
		5DEBF87F1BBDA89300C7D340 /* Fanagram.app */ = {isa = PBXFileReference; explicitFileType = wrapper.application; includeInIndex = 0; path = Fanagram.app; sourceTree = BUILT_PRODUCTS_DIR; };
		5DEBF8821BBDA89300C7D340 /* AppDelegate.swift */ = {isa = PBXFileReference; lastKnownFileType = sourcecode.swift; path = AppDelegate.swift; sourceTree = "<group>"; };
		5DEBF8841BBDA89300C7D340 /* ViewController.swift */ = {isa = PBXFileReference; lastKnownFileType = sourcecode.swift; path = ViewController.swift; sourceTree = "<group>"; };
		5DEBF8871BBDA89300C7D340 /* Base */ = {isa = PBXFileReference; lastKnownFileType = file.storyboard; name = Base; path = Base.lproj/Main.storyboard; sourceTree = "<group>"; };
		5DEBF8891BBDA89300C7D340 /* Assets.xcassets */ = {isa = PBXFileReference; lastKnownFileType = folder.assetcatalog; path = Assets.xcassets; sourceTree = "<group>"; };
		5DEBF88C1BBDA89300C7D340 /* Base */ = {isa = PBXFileReference; lastKnownFileType = file.storyboard; name = Base; path = Base.lproj/LaunchScreen.storyboard; sourceTree = "<group>"; };
		5DEBF88E1BBDA89300C7D340 /* Info.plist */ = {isa = PBXFileReference; lastKnownFileType = text.plist.xml; path = Info.plist; sourceTree = "<group>"; };
		5DEBF8931BBDA89300C7D340 /* FanagramTests.xctest */ = {isa = PBXFileReference; explicitFileType = wrapper.cfbundle; includeInIndex = 0; path = FanagramTests.xctest; sourceTree = BUILT_PRODUCTS_DIR; };
		5DEBF8971BBDA89300C7D340 /* FanagramTests.swift */ = {isa = PBXFileReference; lastKnownFileType = sourcecode.swift; path = FanagramTests.swift; sourceTree = "<group>"; };
		5DEBF8991BBDA89300C7D340 /* Info.plist */ = {isa = PBXFileReference; lastKnownFileType = text.plist.xml; path = Info.plist; sourceTree = "<group>"; };
		5DEBF89E1BBDA89300C7D340 /* FanagramUITests.xctest */ = {isa = PBXFileReference; explicitFileType = wrapper.cfbundle; includeInIndex = 0; path = FanagramUITests.xctest; sourceTree = BUILT_PRODUCTS_DIR; };
		5DEBF8A21BBDA89300C7D340 /* FanagramUITests.swift */ = {isa = PBXFileReference; lastKnownFileType = sourcecode.swift; path = FanagramUITests.swift; sourceTree = "<group>"; };
		5DEBF8A41BBDA89300C7D340 /* Info.plist */ = {isa = PBXFileReference; lastKnownFileType = text.plist.xml; path = Info.plist; sourceTree = "<group>"; };
/* End PBXFileReference section */

/* Begin PBXFrameworksBuildPhase section */
		5DEBF87C1BBDA89300C7D340 /* Frameworks */ = {
			isa = PBXFrameworksBuildPhase;
			buildActionMask = 2147483647;
			files = (
			);
			runOnlyForDeploymentPostprocessing = 0;
		};
		5DEBF8901BBDA89300C7D340 /* Frameworks */ = {
			isa = PBXFrameworksBuildPhase;
			buildActionMask = 2147483647;
			files = (
			);
			runOnlyForDeploymentPostprocessing = 0;
		};
		5DEBF89B1BBDA89300C7D340 /* Frameworks */ = {
			isa = PBXFrameworksBuildPhase;
			buildActionMask = 2147483647;
			files = (
			);
			runOnlyForDeploymentPostprocessing = 0;
		};
/* End PBXFrameworksBuildPhase section */

/* Begin PBXGroup section */
		5DEBF8761BBDA89300C7D340 = {
			isa = PBXGroup;
			children = (
				5DEBF8811BBDA89300C7D340 /* Fanagram */,
				5DEBF8961BBDA89300C7D340 /* FanagramTests */,
				5DEBF8A11BBDA89300C7D340 /* FanagramUITests */,
				5DEBF8801BBDA89300C7D340 /* Products */,
			);
			sourceTree = "<group>";
		};
		5DEBF8801BBDA89300C7D340 /* Products */ = {
			isa = PBXGroup;
			children = (
				5DEBF87F1BBDA89300C7D340 /* Fanagram.app */,
				5DEBF8931BBDA89300C7D340 /* FanagramTests.xctest */,
				5DEBF89E1BBDA89300C7D340 /* FanagramUITests.xctest */,
			);
			name = Products;
			sourceTree = "<group>";
		};
		5DEBF8811BBDA89300C7D340 /* Fanagram */ = {
			isa = PBXGroup;
			children = (
				5DEBF8821BBDA89300C7D340 /* AppDelegate.swift */,
				5DEBF8841BBDA89300C7D340 /* ViewController.swift */,
				5DEBF8861BBDA89300C7D340 /* Main.storyboard */,
				5DEBF8891BBDA89300C7D340 /* Assets.xcassets */,
				5DEBF88B1BBDA89300C7D340 /* LaunchScreen.storyboard */,
				5DEBF88E1BBDA89300C7D340 /* Info.plist */,
			);
			path = Fanagram;
			sourceTree = "<group>";
		};
		5DEBF8961BBDA89300C7D340 /* FanagramTests */ = {
			isa = PBXGroup;
			children = (
				5DEBF8971BBDA89300C7D340 /* FanagramTests.swift */,
				5DEBF8991BBDA89300C7D340 /* Info.plist */,
			);
			path = FanagramTests;
			sourceTree = "<group>";
		};
		5DEBF8A11BBDA89300C7D340 /* FanagramUITests */ = {
			isa = PBXGroup;
			children = (
				5DEBF8A21BBDA89300C7D340 /* FanagramUITests.swift */,
				5DEBF8A41BBDA89300C7D340 /* Info.plist */,
			);
			path = FanagramUITests;
			sourceTree = "<group>";
		};
/* End PBXGroup section */

/* Begin PBXNativeTarget section */
		5DEBF87E1BBDA89300C7D340 /* Fanagram */ = {
			isa = PBXNativeTarget;
			buildConfigurationList = 5DEBF8A71BBDA89300C7D340 /* Build configuration list for PBXNativeTarget "Fanagram" */;
			buildPhases = (
				5DEBF87B1BBDA89300C7D340 /* Sources */,
				5DEBF87C1BBDA89300C7D340 /* Frameworks */,
				5DEBF87D1BBDA89300C7D340 /* Resources */,
			);
			buildRules = (
			);
			dependencies = (
			);
			name = Fanagram;
			productName = Fanagram;
			productReference = 5DEBF87F1BBDA89300C7D340 /* Fanagram.app */;
			productType = "com.apple.product-type.application";
		};
		5DEBF8921BBDA89300C7D340 /* FanagramTests */ = {
			isa = PBXNativeTarget;
			buildConfigurationList = 5DEBF8AA1BBDA89300C7D340 /* Build configuration list for PBXNativeTarget "FanagramTests" */;
			buildPhases = (
				5DEBF88F1BBDA89300C7D340 /* Sources */,
				5DEBF8901BBDA89300C7D340 /* Frameworks */,
				5DEBF8911BBDA89300C7D340 /* Resources */,
			);
			buildRules = (
			);
			dependencies = (
				5DEBF8951BBDA89300C7D340 /* PBXTargetDependency */,
			);
			name = FanagramTests;
			productName = FanagramTests;
			productReference = 5DEBF8931BBDA89300C7D340 /* FanagramTests.xctest */;
			productType = "com.apple.product-type.bundle.unit-test";
		};
		5DEBF89D1BBDA89300C7D340 /* FanagramUITests */ = {
			isa = PBXNativeTarget;
			buildConfigurationList = 5DEBF8AD1BBDA89300C7D340 /* Build configuration list for PBXNativeTarget "FanagramUITests" */;
			buildPhases = (
				5DEBF89A1BBDA89300C7D340 /* Sources */,
				5DEBF89B1BBDA89300C7D340 /* Frameworks */,
				5DEBF89C1BBDA89300C7D340 /* Resources */,
			);
			buildRules = (
			);
			dependencies = (
				5DEBF8A01BBDA89300C7D340 /* PBXTargetDependency */,
			);
			name = FanagramUITests;
			productName = FanagramUITests;
			productReference = 5DEBF89E1BBDA89300C7D340 /* FanagramUITests.xctest */;
			productType = "com.apple.product-type.bundle.ui-testing";
		};
/* End PBXNativeTarget section */

/* Begin PBXProject section */
		5DEBF8771BBDA89300C7D340 /* Project object */ = {
			isa = PBXProject;
			attributes = {
				LastUpgradeCheck = 0700;
				ORGANIZATIONNAME = JoelNieman;
				TargetAttributes = {
					5DEBF87E1BBDA89300C7D340 = {
						CreatedOnToolsVersion = 7.0;
					};
					5DEBF8921BBDA89300C7D340 = {
						CreatedOnToolsVersion = 7.0;
						TestTargetID = 5DEBF87E1BBDA89300C7D340;
					};
					5DEBF89D1BBDA89300C7D340 = {
						CreatedOnToolsVersion = 7.0;
						TestTargetID = 5DEBF87E1BBDA89300C7D340;
					};
				};
			};
			buildConfigurationList = 5DEBF87A1BBDA89300C7D340 /* Build configuration list for PBXProject "Fanagram" */;
			compatibilityVersion = "Xcode 3.2";
			developmentRegion = English;
			hasScannedForEncodings = 0;
			knownRegions = (
				en,
				Base,
			);
			mainGroup = 5DEBF8761BBDA89300C7D340;
			productRefGroup = 5DEBF8801BBDA89300C7D340 /* Products */;
			projectDirPath = "";
			projectRoot = "";
			targets = (
				5DEBF87E1BBDA89300C7D340 /* Fanagram */,
				5DEBF8921BBDA89300C7D340 /* FanagramTests */,
				5DEBF89D1BBDA89300C7D340 /* FanagramUITests */,
			);
		};
/* End PBXProject section */

/* Begin PBXResourcesBuildPhase section */
		5DEBF87D1BBDA89300C7D340 /* Resources */ = {
			isa = PBXResourcesBuildPhase;
			buildActionMask = 2147483647;
			files = (
				5DEBF88D1BBDA89300C7D340 /* LaunchScreen.storyboard in Resources */,
				5DEBF88A1BBDA89300C7D340 /* Assets.xcassets in Resources */,
				5DEBF8881BBDA89300C7D340 /* Main.storyboard in Resources */,
			);
			runOnlyForDeploymentPostprocessing = 0;
		};
		5DEBF8911BBDA89300C7D340 /* Resources */ = {
			isa = PBXResourcesBuildPhase;
			buildActionMask = 2147483647;
			files = (
			);
			runOnlyForDeploymentPostprocessing = 0;
		};
		5DEBF89C1BBDA89300C7D340 /* Resources */ = {
			isa = PBXResourcesBuildPhase;
			buildActionMask = 2147483647;
			files = (
			);
			runOnlyForDeploymentPostprocessing = 0;
		};
/* End PBXResourcesBuildPhase section */

/* Begin PBXSourcesBuildPhase section */
		5DEBF87B1BBDA89300C7D340 /* Sources */ = {
			isa = PBXSourcesBuildPhase;
			buildActionMask = 2147483647;
			files = (
				5DEBF8851BBDA89300C7D340 /* ViewController.swift in Sources */,
				5DEBF8831BBDA89300C7D340 /* AppDelegate.swift in Sources */,
			);
			runOnlyForDeploymentPostprocessing = 0;
		};
		5DEBF88F1BBDA89300C7D340 /* Sources */ = {
			isa = PBXSourcesBuildPhase;
			buildActionMask = 2147483647;
			files = (
				5DEBF8981BBDA89300C7D340 /* FanagramTests.swift in Sources */,
			);
			runOnlyForDeploymentPostprocessing = 0;
		};
		5DEBF89A1BBDA89300C7D340 /* Sources */ = {
			isa = PBXSourcesBuildPhase;
			buildActionMask = 2147483647;
			files = (
				5DEBF8A31BBDA89300C7D340 /* FanagramUITests.swift in Sources */,
			);
			runOnlyForDeploymentPostprocessing = 0;
		};
/* End PBXSourcesBuildPhase section */

/* Begin PBXTargetDependency section */
		5DEBF8951BBDA89300C7D340 /* PBXTargetDependency */ = {
			isa = PBXTargetDependency;
			target = 5DEBF87E1BBDA89300C7D340 /* Fanagram */;
			targetProxy = 5DEBF8941BBDA89300C7D340 /* PBXContainerItemProxy */;
		};
		5DEBF8A01BBDA89300C7D340 /* PBXTargetDependency */ = {
			isa = PBXTargetDependency;
			target = 5DEBF87E1BBDA89300C7D340 /* Fanagram */;
			targetProxy = 5DEBF89F1BBDA89300C7D340 /* PBXContainerItemProxy */;
		};
/* End PBXTargetDependency section */

/* Begin PBXVariantGroup section */
		5DEBF8861BBDA89300C7D340 /* Main.storyboard */ = {
			isa = PBXVariantGroup;
			children = (
				5DEBF8871BBDA89300C7D340 /* Base */,
			);
			name = Main.storyboard;
			sourceTree = "<group>";
		};
		5DEBF88B1BBDA89300C7D340 /* LaunchScreen.storyboard */ = {
			isa = PBXVariantGroup;
			children = (
				5DEBF88C1BBDA89300C7D340 /* Base */,
			);
			name = LaunchScreen.storyboard;
			sourceTree = "<group>";
		};
/* End PBXVariantGroup section */

/* Begin XCBuildConfiguration section */
		5DEBF8A51BBDA89300C7D340 /* Debug */ = {
			isa = XCBuildConfiguration;
			buildSettings = {
				ALWAYS_SEARCH_USER_PATHS = NO;
				CLANG_CXX_LANGUAGE_STANDARD = "gnu++0x";
				CLANG_CXX_LIBRARY = "libc++";
				CLANG_ENABLE_MODULES = YES;
				CLANG_ENABLE_OBJC_ARC = YES;
				CLANG_WARN_BOOL_CONVERSION = YES;
				CLANG_WARN_CONSTANT_CONVERSION = YES;
				CLANG_WARN_DIRECT_OBJC_ISA_USAGE = YES_ERROR;
				CLANG_WARN_EMPTY_BODY = YES;
				CLANG_WARN_ENUM_CONVERSION = YES;
				CLANG_WARN_INT_CONVERSION = YES;
				CLANG_WARN_OBJC_ROOT_CLASS = YES_ERROR;
				CLANG_WARN_UNREACHABLE_CODE = YES;
				CLANG_WARN__DUPLICATE_METHOD_MATCH = YES;
				"CODE_SIGN_IDENTITY[sdk=iphoneos*]" = "iPhone Developer";
				COPY_PHASE_STRIP = NO;
				DEBUG_INFORMATION_FORMAT = dwarf;
				ENABLE_STRICT_OBJC_MSGSEND = YES;
				ENABLE_TESTABILITY = YES;
				GCC_C_LANGUAGE_STANDARD = gnu99;
				GCC_DYNAMIC_NO_PIC = NO;
				GCC_NO_COMMON_BLOCKS = YES;
				GCC_OPTIMIZATION_LEVEL = 0;
				GCC_PREPROCESSOR_DEFINITIONS = (
					"DEBUG=1",
					"$(inherited)",
				);
				GCC_WARN_64_TO_32_BIT_CONVERSION = YES;
				GCC_WARN_ABOUT_RETURN_TYPE = YES_ERROR;
				GCC_WARN_UNDECLARED_SELECTOR = YES;
				GCC_WARN_UNINITIALIZED_AUTOS = YES_AGGRESSIVE;
				GCC_WARN_UNUSED_FUNCTION = YES;
				GCC_WARN_UNUSED_VARIABLE = YES;
				IPHONEOS_DEPLOYMENT_TARGET = 9.0;
				MTL_ENABLE_DEBUG_INFO = YES;
				ONLY_ACTIVE_ARCH = YES;
				SDKROOT = iphoneos;
				SWIFT_OPTIMIZATION_LEVEL = "-Onone";
			};
			name = Debug;
		};
		5DEBF8A61BBDA89300C7D340 /* Release */ = {
			isa = XCBuildConfiguration;
			buildSettings = {
				ALWAYS_SEARCH_USER_PATHS = NO;
				CLANG_CXX_LANGUAGE_STANDARD = "gnu++0x";
				CLANG_CXX_LIBRARY = "libc++";
				CLANG_ENABLE_MODULES = YES;
				CLANG_ENABLE_OBJC_ARC = YES;
				CLANG_WARN_BOOL_CONVERSION = YES;
				CLANG_WARN_CONSTANT_CONVERSION = YES;
				CLANG_WARN_DIRECT_OBJC_ISA_USAGE = YES_ERROR;
				CLANG_WARN_EMPTY_BODY = YES;
				CLANG_WARN_ENUM_CONVERSION = YES;
				CLANG_WARN_INT_CONVERSION = YES;
				CLANG_WARN_OBJC_ROOT_CLASS = YES_ERROR;
				CLANG_WARN_UNREACHABLE_CODE = YES;
				CLANG_WARN__DUPLICATE_METHOD_MATCH = YES;
				"CODE_SIGN_IDENTITY[sdk=iphoneos*]" = "iPhone Developer";
				COPY_PHASE_STRIP = NO;
				DEBUG_INFORMATION_FORMAT = "dwarf-with-dsym";
				ENABLE_NS_ASSERTIONS = NO;
				ENABLE_STRICT_OBJC_MSGSEND = YES;
				GCC_C_LANGUAGE_STANDARD = gnu99;
				GCC_NO_COMMON_BLOCKS = YES;
				GCC_WARN_64_TO_32_BIT_CONVERSION = YES;
				GCC_WARN_ABOUT_RETURN_TYPE = YES_ERROR;
				GCC_WARN_UNDECLARED_SELECTOR = YES;
				GCC_WARN_UNINITIALIZED_AUTOS = YES_AGGRESSIVE;
				GCC_WARN_UNUSED_FUNCTION = YES;
				GCC_WARN_UNUSED_VARIABLE = YES;
				IPHONEOS_DEPLOYMENT_TARGET = 9.0;
				MTL_ENABLE_DEBUG_INFO = NO;
				SDKROOT = iphoneos;
				VALIDATE_PRODUCT = YES;
			};
			name = Release;
		};
		5DEBF8A81BBDA89300C7D340 /* Debug */ = {
			isa = XCBuildConfiguration;
			buildSettings = {
				ASSETCATALOG_COMPILER_APPICON_NAME = AppIcon;
				INFOPLIST_FILE = Fanagram/Info.plist;
				LD_RUNPATH_SEARCH_PATHS = "$(inherited) @executable_path/Frameworks";
				PRODUCT_BUNDLE_IDENTIFIER = com.JoelNieman.Fanagram;
				PRODUCT_NAME = "$(TARGET_NAME)";
			};
			name = Debug;
		};
		5DEBF8A91BBDA89300C7D340 /* Release */ = {
			isa = XCBuildConfiguration;
			buildSettings = {
				ASSETCATALOG_COMPILER_APPICON_NAME = AppIcon;
				INFOPLIST_FILE = Fanagram/Info.plist;
				LD_RUNPATH_SEARCH_PATHS = "$(inherited) @executable_path/Frameworks";
				PRODUCT_BUNDLE_IDENTIFIER = com.JoelNieman.Fanagram;
				PRODUCT_NAME = "$(TARGET_NAME)";
			};
			name = Release;
		};
		5DEBF8AB1BBDA89300C7D340 /* Debug */ = {
			isa = XCBuildConfiguration;
			buildSettings = {
				BUNDLE_LOADER = "$(TEST_HOST)";
				INFOPLIST_FILE = FanagramTests/Info.plist;
				LD_RUNPATH_SEARCH_PATHS = "$(inherited) @executable_path/Frameworks @loader_path/Frameworks";
				PRODUCT_BUNDLE_IDENTIFIER = com.JoelNieman.FanagramTests;
				PRODUCT_NAME = "$(TARGET_NAME)";
				TEST_HOST = "$(BUILT_PRODUCTS_DIR)/Fanagram.app/Fanagram";
			};
			name = Debug;
		};
		5DEBF8AC1BBDA89300C7D340 /* Release */ = {
			isa = XCBuildConfiguration;
			buildSettings = {
				BUNDLE_LOADER = "$(TEST_HOST)";
				INFOPLIST_FILE = FanagramTests/Info.plist;
				LD_RUNPATH_SEARCH_PATHS = "$(inherited) @executable_path/Frameworks @loader_path/Frameworks";
				PRODUCT_BUNDLE_IDENTIFIER = com.JoelNieman.FanagramTests;
				PRODUCT_NAME = "$(TARGET_NAME)";
				TEST_HOST = "$(BUILT_PRODUCTS_DIR)/Fanagram.app/Fanagram";
			};
			name = Release;
		};
		5DEBF8AE1BBDA89300C7D340 /* Debug */ = {
			isa = XCBuildConfiguration;
			buildSettings = {
				INFOPLIST_FILE = FanagramUITests/Info.plist;
				LD_RUNPATH_SEARCH_PATHS = "$(inherited) @executable_path/Frameworks @loader_path/Frameworks";
				PRODUCT_BUNDLE_IDENTIFIER = com.JoelNieman.FanagramUITests;
				PRODUCT_NAME = "$(TARGET_NAME)";
				TEST_TARGET_NAME = Fanagram;
				USES_XCTRUNNER = YES;
			};
			name = Debug;
		};
		5DEBF8AF1BBDA89300C7D340 /* Release */ = {
			isa = XCBuildConfiguration;
			buildSettings = {
				INFOPLIST_FILE = FanagramUITests/Info.plist;
				LD_RUNPATH_SEARCH_PATHS = "$(inherited) @executable_path/Frameworks @loader_path/Frameworks";
				PRODUCT_BUNDLE_IDENTIFIER = com.JoelNieman.FanagramUITests;
				PRODUCT_NAME = "$(TARGET_NAME)";
				TEST_TARGET_NAME = Fanagram;
				USES_XCTRUNNER = YES;
			};
			name = Release;
		};
/* End XCBuildConfiguration section */

/* Begin XCConfigurationList section */
		5DEBF87A1BBDA89300C7D340 /* Build configuration list for PBXProject "Fanagram" */ = {
			isa = XCConfigurationList;
			buildConfigurations = (
				5DEBF8A51BBDA89300C7D340 /* Debug */,
				5DEBF8A61BBDA89300C7D340 /* Release */,
			);
			defaultConfigurationIsVisible = 0;
			defaultConfigurationName = Release;
		};
		5DEBF8A71BBDA89300C7D340 /* Build configuration list for PBXNativeTarget "Fanagram" */ = {
			isa = XCConfigurationList;
			buildConfigurations = (
				5DEBF8A81BBDA89300C7D340 /* Debug */,
				5DEBF8A91BBDA89300C7D340 /* Release */,
			);
			defaultConfigurationIsVisible = 0;
		};
		5DEBF8AA1BBDA89300C7D340 /* Build configuration list for PBXNativeTarget "FanagramTests" */ = {
			isa = XCConfigurationList;
			buildConfigurations = (
				5DEBF8AB1BBDA89300C7D340 /* Debug */,
				5DEBF8AC1BBDA89300C7D340 /* Release */,
			);
			defaultConfigurationIsVisible = 0;
		};
		5DEBF8AD1BBDA89300C7D340 /* Build configuration list for PBXNativeTarget "FanagramUITests" */ = {
			isa = XCConfigurationList;
			buildConfigurations = (
				5DEBF8AE1BBDA89300C7D340 /* Debug */,
				5DEBF8AF1BBDA89300C7D340 /* Release */,
			);
			defaultConfigurationIsVisible = 0;
		};
/* End XCConfigurationList section */
	};
	rootObject = 5DEBF8771BBDA89300C7D340 /* Project object */;
}
